// !$*UTF8*$!
{
	archiveVersion = 1;
	classes = {
	};
	objectVersion = 50;
	objects = {

/* Begin PBXBuildFile section */
		081D64CB24B76B8700F6B61D /* FriendsPhotosCollectionViewController.swift in Sources */ = {isa = PBXBuildFile; fileRef = 081D64CA24B76B8700F6B61D /* FriendsPhotosCollectionViewController.swift */; };
		081D64CD24B76C2600F6B61D /* CommunitiesTableViewController.swift in Sources */ = {isa = PBXBuildFile; fileRef = 081D64CC24B76C2600F6B61D /* CommunitiesTableViewController.swift */; };
		081D64CF24B76CCD00F6B61D /* CommunitiesGlobalSearchTableViewController.swift in Sources */ = {isa = PBXBuildFile; fileRef = 081D64CE24B76CCD00F6B61D /* CommunitiesGlobalSearchTableViewController.swift */; };
		081D64D124B8FD1100F6B61D /* TabBarController.swift in Sources */ = {isa = PBXBuildFile; fileRef = 081D64D024B8FD1100F6B61D /* TabBarController.swift */; };
		083F953D24BD1CDC00DFEAAA /* FriendsTableViewController.swift in Sources */ = {isa = PBXBuildFile; fileRef = 083F953C24BD1CDC00DFEAAA /* FriendsTableViewController.swift */; };
		083F953F24BD267600DFEAAA /* FriendsCell.swift in Sources */ = {isa = PBXBuildFile; fileRef = 083F953E24BD267600DFEAAA /* FriendsCell.swift */; };
		083F954124BD7A0A00DFEAAA /* Friends.swift in Sources */ = {isa = PBXBuildFile; fileRef = 083F954024BD7A0A00DFEAAA /* Friends.swift */; };
		083F954324BD7C6500DFEAAA /* FriendsPhotoCell.swift in Sources */ = {isa = PBXBuildFile; fileRef = 083F954224BD7C6500DFEAAA /* FriendsPhotoCell.swift */; };
		084A7C0924AF63990049FAF7 /* AppDelegate.swift in Sources */ = {isa = PBXBuildFile; fileRef = 084A7C0824AF63990049FAF7 /* AppDelegate.swift */; };
		084A7C0B24AF63990049FAF7 /* SceneDelegate.swift in Sources */ = {isa = PBXBuildFile; fileRef = 084A7C0A24AF63990049FAF7 /* SceneDelegate.swift */; };
		084A7C0D24AF63990049FAF7 /* LoginViewController.swift in Sources */ = {isa = PBXBuildFile; fileRef = 084A7C0C24AF63990049FAF7 /* LoginViewController.swift */; };
		084A7C1024AF63990049FAF7 /* Main.storyboard in Resources */ = {isa = PBXBuildFile; fileRef = 084A7C0E24AF63990049FAF7 /* Main.storyboard */; };
		084A7C1224AF639A0049FAF7 /* Assets.xcassets in Resources */ = {isa = PBXBuildFile; fileRef = 084A7C1124AF639A0049FAF7 /* Assets.xcassets */; };
		084A7C1524AF639A0049FAF7 /* LaunchScreen.storyboard in Resources */ = {isa = PBXBuildFile; fileRef = 084A7C1324AF639A0049FAF7 /* LaunchScreen.storyboard */; };
		084AB3BE2528F450004CBF56 /* NewsCell.swift in Sources */ = {isa = PBXBuildFile; fileRef = 084AB3BD2528F450004CBF56 /* NewsCell.swift */; };
		084AB3C42529E97A004CBF56 /* News.swift in Sources */ = {isa = PBXBuildFile; fileRef = 084AB3C32529E97A004CBF56 /* News.swift */; };
		088FD7AA24C6635000451FEB /* User.swift in Sources */ = {isa = PBXBuildFile; fileRef = 088FD7A924C6635000451FEB /* User.swift */; };
		0892F6EC25248EB300D8C807 /* LikeControl.swift in Sources */ = {isa = PBXBuildFile; fileRef = 0892F6EB25248EB300D8C807 /* LikeControl.swift */; };
		08B9CCEC2534ECA700A93C1A /* CurrentSession.swift in Sources */ = {isa = PBXBuildFile; fileRef = 08B9CCEB2534ECA700A93C1A /* CurrentSession.swift */; };
		08D1518E24C1BE7400D70BCC /* CommunitiesCell.swift in Sources */ = {isa = PBXBuildFile; fileRef = 08D1518D24C1BE7400D70BCC /* CommunitiesCell.swift */; };
		08D1519024C6401A00D70BCC /* Communities.swift in Sources */ = {isa = PBXBuildFile; fileRef = 08D1518F24C6401A00D70BCC /* Communities.swift */; };
		08DD76E2252CDEF4001EBE76 /* FriendsGalleryController.swift in Sources */ = {isa = PBXBuildFile; fileRef = 08DD76E1252CDEF4001EBE76 /* FriendsGalleryController.swift */; };
		08E0FDDF2527C8ED00738150 /* NewsViewController.swift in Sources */ = {isa = PBXBuildFile; fileRef = 08E0FDDE2527C8ED00738150 /* NewsViewController.swift */; };
		08E0FDE625288F6600738150 /* FriendsSectionHeaderView.swift in Sources */ = {isa = PBXBuildFile; fileRef = 08E0FDE525288F6600738150 /* FriendsSectionHeaderView.swift */; };
		08E0FDE925288F7700738150 /* FriendsSectionHeaderView.xib in Resources */ = {isa = PBXBuildFile; fileRef = 08E0FDE825288F7700738150 /* FriendsSectionHeaderView.xib */; };
		08E1010725337BCC00D5BF94 /* CustomPushAnimator.swift in Sources */ = {isa = PBXBuildFile; fileRef = 08E1010625337BCC00D5BF94 /* CustomPushAnimator.swift */; };
		08E1010B25337DCA00D5BF94 /* CustomPopAnimator.swift in Sources */ = {isa = PBXBuildFile; fileRef = 08E1010A25337DCA00D5BF94 /* CustomPopAnimator.swift */; };
		08E1010E25337FBD00D5BF94 /* CustomNavigationController.swift in Sources */ = {isa = PBXBuildFile; fileRef = 08E1010D25337FBD00D5BF94 /* CustomNavigationController.swift */; };
		08EB0E0E252A1EE400132AB3 /* CommentControl.swift in Sources */ = {isa = PBXBuildFile; fileRef = 08EB0E0D252A1EE400132AB3 /* CommentControl.swift */; };
		08EB0E11252A1EFA00132AB3 /* ShareControl.swift in Sources */ = {isa = PBXBuildFile; fileRef = 08EB0E10252A1EFA00132AB3 /* ShareControl.swift */; };
		08EB0E14252A1F1500132AB3 /* ViewControl.swift in Sources */ = {isa = PBXBuildFile; fileRef = 08EB0E13252A1F1500132AB3 /* ViewControl.swift */; };
		08EB0E48252A807200132AB3 /* DotsLoadingIndicator.swift in Sources */ = {isa = PBXBuildFile; fileRef = 08EB0E47252A807200132AB3 /* DotsLoadingIndicator.swift */; };
/* End PBXBuildFile section */

/* Begin PBXFileReference section */
		081D64CA24B76B8700F6B61D /* FriendsPhotosCollectionViewController.swift */ = {isa = PBXFileReference; lastKnownFileType = sourcecode.swift; path = FriendsPhotosCollectionViewController.swift; sourceTree = "<group>"; };
		081D64CC24B76C2600F6B61D /* CommunitiesTableViewController.swift */ = {isa = PBXFileReference; lastKnownFileType = sourcecode.swift; path = CommunitiesTableViewController.swift; sourceTree = "<group>"; };
		081D64CE24B76CCD00F6B61D /* CommunitiesGlobalSearchTableViewController.swift */ = {isa = PBXFileReference; lastKnownFileType = sourcecode.swift; path = CommunitiesGlobalSearchTableViewController.swift; sourceTree = "<group>"; };
		081D64D024B8FD1100F6B61D /* TabBarController.swift */ = {isa = PBXFileReference; lastKnownFileType = sourcecode.swift; path = TabBarController.swift; sourceTree = "<group>"; };
		083F953C24BD1CDC00DFEAAA /* FriendsTableViewController.swift */ = {isa = PBXFileReference; lastKnownFileType = sourcecode.swift; path = FriendsTableViewController.swift; sourceTree = "<group>"; };
		083F953E24BD267600DFEAAA /* FriendsCell.swift */ = {isa = PBXFileReference; lastKnownFileType = sourcecode.swift; path = FriendsCell.swift; sourceTree = "<group>"; };
		083F954024BD7A0A00DFEAAA /* Friends.swift */ = {isa = PBXFileReference; lastKnownFileType = sourcecode.swift; path = Friends.swift; sourceTree = "<group>"; };
		083F954224BD7C6500DFEAAA /* FriendsPhotoCell.swift */ = {isa = PBXFileReference; lastKnownFileType = sourcecode.swift; path = FriendsPhotoCell.swift; sourceTree = "<group>"; };
		084A7C0524AF63990049FAF7 /* vkClient.app */ = {isa = PBXFileReference; explicitFileType = wrapper.application; includeInIndex = 0; path = vkClient.app; sourceTree = BUILT_PRODUCTS_DIR; };
		084A7C0824AF63990049FAF7 /* AppDelegate.swift */ = {isa = PBXFileReference; lastKnownFileType = sourcecode.swift; path = AppDelegate.swift; sourceTree = "<group>"; };
		084A7C0A24AF63990049FAF7 /* SceneDelegate.swift */ = {isa = PBXFileReference; lastKnownFileType = sourcecode.swift; path = SceneDelegate.swift; sourceTree = "<group>"; };
		084A7C0C24AF63990049FAF7 /* LoginViewController.swift */ = {isa = PBXFileReference; lastKnownFileType = sourcecode.swift; path = LoginViewController.swift; sourceTree = "<group>"; };
		084A7C0F24AF63990049FAF7 /* Base */ = {isa = PBXFileReference; lastKnownFileType = file.storyboard; name = Base; path = Base.lproj/Main.storyboard; sourceTree = "<group>"; };
		084A7C1124AF639A0049FAF7 /* Assets.xcassets */ = {isa = PBXFileReference; lastKnownFileType = folder.assetcatalog; path = Assets.xcassets; sourceTree = "<group>"; };
		084A7C1424AF639A0049FAF7 /* Base */ = {isa = PBXFileReference; lastKnownFileType = file.storyboard; name = Base; path = Base.lproj/LaunchScreen.storyboard; sourceTree = "<group>"; };
		084A7C1624AF639B0049FAF7 /* Info.plist */ = {isa = PBXFileReference; lastKnownFileType = text.plist.xml; path = Info.plist; sourceTree = "<group>"; };
		084AB3BD2528F450004CBF56 /* NewsCell.swift */ = {isa = PBXFileReference; lastKnownFileType = sourcecode.swift; path = NewsCell.swift; sourceTree = "<group>"; };
		084AB3C32529E97A004CBF56 /* News.swift */ = {isa = PBXFileReference; lastKnownFileType = sourcecode.swift; path = News.swift; sourceTree = "<group>"; };
		088FD7A924C6635000451FEB /* User.swift */ = {isa = PBXFileReference; lastKnownFileType = sourcecode.swift; path = User.swift; sourceTree = "<group>"; };
		0892F6EB25248EB300D8C807 /* LikeControl.swift */ = {isa = PBXFileReference; lastKnownFileType = sourcecode.swift; path = LikeControl.swift; sourceTree = "<group>"; };
		08B9CCEB2534ECA700A93C1A /* CurrentSession.swift */ = {isa = PBXFileReference; lastKnownFileType = sourcecode.swift; path = CurrentSession.swift; sourceTree = "<group>"; };
		08D1518D24C1BE7400D70BCC /* CommunitiesCell.swift */ = {isa = PBXFileReference; lastKnownFileType = sourcecode.swift; path = CommunitiesCell.swift; sourceTree = "<group>"; };
		08D1518F24C6401A00D70BCC /* Communities.swift */ = {isa = PBXFileReference; lastKnownFileType = sourcecode.swift; path = Communities.swift; sourceTree = "<group>"; };
		08DD76E1252CDEF4001EBE76 /* FriendsGalleryController.swift */ = {isa = PBXFileReference; lastKnownFileType = sourcecode.swift; path = FriendsGalleryController.swift; sourceTree = "<group>"; };
		08E0FDDE2527C8ED00738150 /* NewsViewController.swift */ = {isa = PBXFileReference; lastKnownFileType = sourcecode.swift; path = NewsViewController.swift; sourceTree = "<group>"; };
		08E0FDE525288F6600738150 /* FriendsSectionHeaderView.swift */ = {isa = PBXFileReference; lastKnownFileType = sourcecode.swift; path = FriendsSectionHeaderView.swift; sourceTree = "<group>"; };
		08E0FDE825288F7700738150 /* FriendsSectionHeaderView.xib */ = {isa = PBXFileReference; lastKnownFileType = file.xib; path = FriendsSectionHeaderView.xib; sourceTree = "<group>"; };
		08E1010625337BCC00D5BF94 /* CustomPushAnimator.swift */ = {isa = PBXFileReference; lastKnownFileType = sourcecode.swift; path = CustomPushAnimator.swift; sourceTree = "<group>"; };
		08E1010A25337DCA00D5BF94 /* CustomPopAnimator.swift */ = {isa = PBXFileReference; lastKnownFileType = sourcecode.swift; path = CustomPopAnimator.swift; sourceTree = "<group>"; };
		08E1010D25337FBD00D5BF94 /* CustomNavigationController.swift */ = {isa = PBXFileReference; lastKnownFileType = sourcecode.swift; path = CustomNavigationController.swift; sourceTree = "<group>"; };
		08EB0E0D252A1EE400132AB3 /* CommentControl.swift */ = {isa = PBXFileReference; lastKnownFileType = sourcecode.swift; path = CommentControl.swift; sourceTree = "<group>"; };
		08EB0E10252A1EFA00132AB3 /* ShareControl.swift */ = {isa = PBXFileReference; lastKnownFileType = sourcecode.swift; path = ShareControl.swift; sourceTree = "<group>"; };
		08EB0E13252A1F1500132AB3 /* ViewControl.swift */ = {isa = PBXFileReference; lastKnownFileType = sourcecode.swift; path = ViewControl.swift; sourceTree = "<group>"; };
		08EB0E47252A807200132AB3 /* DotsLoadingIndicator.swift */ = {isa = PBXFileReference; lastKnownFileType = sourcecode.swift; path = DotsLoadingIndicator.swift; sourceTree = "<group>"; };
/* End PBXFileReference section */

/* Begin PBXFrameworksBuildPhase section */
		084A7C0224AF63990049FAF7 /* Frameworks */ = {
			isa = PBXFrameworksBuildPhase;
			buildActionMask = 2147483647;
			files = (
			);
			runOnlyForDeploymentPostprocessing = 0;
		};
/* End PBXFrameworksBuildPhase section */

/* Begin PBXGroup section */
		084A7BFC24AF63990049FAF7 = {
			isa = PBXGroup;
			children = (
				084A7C0724AF63990049FAF7 /* vkClient */,
				084A7C0624AF63990049FAF7 /* Products */,
			);
			sourceTree = "<group>";
		};
		084A7C0624AF63990049FAF7 /* Products */ = {
			isa = PBXGroup;
			children = (
				084A7C0524AF63990049FAF7 /* vkClient.app */,
			);
			name = Products;
			sourceTree = "<group>";
		};
		084A7C0724AF63990049FAF7 /* vkClient */ = {
			isa = PBXGroup;
			children = (
				088FD7A624C6621500451FEB /* Model */,
				088FD7A724C6623F00451FEB /* Friends */,
				088FD7A824C6629300451FEB /* Communities */,
				08E0FDE12527C96900738150 /* News */,
				084AB3C02528F620004CBF56 /* Controls */,
				08EB0E4A252A80B000132AB3 /* FriendsSectionHeader */,
				084A7C0824AF63990049FAF7 /* AppDelegate.swift */,
				084A7C0A24AF63990049FAF7 /* SceneDelegate.swift */,
				084A7C0E24AF63990049FAF7 /* Main.storyboard */,
				084A7C0C24AF63990049FAF7 /* LoginViewController.swift */,
				081D64D024B8FD1100F6B61D /* TabBarController.swift */,
				08EB0E47252A807200132AB3 /* DotsLoadingIndicator.swift */,
				08E1010625337BCC00D5BF94 /* CustomPushAnimator.swift */,
				08E1010A25337DCA00D5BF94 /* CustomPopAnimator.swift */,
				08E1010D25337FBD00D5BF94 /* CustomNavigationController.swift */,
				08B9CCEB2534ECA700A93C1A /* CurrentSession.swift */,
				084A7C1124AF639A0049FAF7 /* Assets.xcassets */,
				084A7C1324AF639A0049FAF7 /* LaunchScreen.storyboard */,
				084A7C1624AF639B0049FAF7 /* Info.plist */,
			);
			path = vkClient;
			sourceTree = "<group>";
		};
		084AB3C02528F620004CBF56 /* Controls */ = {
			isa = PBXGroup;
			children = (
				0892F6EB25248EB300D8C807 /* LikeControl.swift */,
				08EB0E0D252A1EE400132AB3 /* CommentControl.swift */,
				08EB0E10252A1EFA00132AB3 /* ShareControl.swift */,
				08EB0E13252A1F1500132AB3 /* ViewControl.swift */,
			);
			path = Controls;
			sourceTree = "<group>";
		};
		088FD7A624C6621500451FEB /* Model */ = {
			isa = PBXGroup;
			children = (
				088FD7A924C6635000451FEB /* User.swift */,
				08D1518F24C6401A00D70BCC /* Communities.swift */,
			);
			path = Model;
			sourceTree = "<group>";
		};
		088FD7A724C6623F00451FEB /* Friends */ = {
			isa = PBXGroup;
			children = (
				083F954024BD7A0A00DFEAAA /* Friends.swift */,
				083F953E24BD267600DFEAAA /* FriendsCell.swift */,
				083F954224BD7C6500DFEAAA /* FriendsPhotoCell.swift */,
				083F953C24BD1CDC00DFEAAA /* FriendsTableViewController.swift */,
				081D64CA24B76B8700F6B61D /* FriendsPhotosCollectionViewController.swift */,
				08DD76E1252CDEF4001EBE76 /* FriendsGalleryController.swift */,
			);
			path = Friends;
			sourceTree = "<group>";
		};
		088FD7A824C6629300451FEB /* Communities */ = {
			isa = PBXGroup;
			children = (
				08D1518D24C1BE7400D70BCC /* CommunitiesCell.swift */,
				081D64CC24B76C2600F6B61D /* CommunitiesTableViewController.swift */,
				081D64CE24B76CCD00F6B61D /* CommunitiesGlobalSearchTableViewController.swift */,
			);
			path = Communities;
			sourceTree = "<group>";
		};
		08E0FDE12527C96900738150 /* News */ = {
			isa = PBXGroup;
			children = (
				084AB3C32529E97A004CBF56 /* News.swift */,
				08E0FDDE2527C8ED00738150 /* NewsViewController.swift */,
				084AB3BD2528F450004CBF56 /* NewsCell.swift */,
			);
			path = News;
			sourceTree = "<group>";
		};
		08EB0E4A252A80B000132AB3 /* FriendsSectionHeader */ = {
			isa = PBXGroup;
			children = (
				08E0FDE525288F6600738150 /* FriendsSectionHeaderView.swift */,
				08E0FDE825288F7700738150 /* FriendsSectionHeaderView.xib */,
			);
			path = FriendsSectionHeader;
			sourceTree = "<group>";
		};
/* End PBXGroup section */

/* Begin PBXNativeTarget section */
		084A7C0424AF63990049FAF7 /* vkClient */ = {
			isa = PBXNativeTarget;
			buildConfigurationList = 084A7C1924AF639B0049FAF7 /* Build configuration list for PBXNativeTarget "vkClient" */;
			buildPhases = (
				084A7C0124AF63990049FAF7 /* Sources */,
				084A7C0224AF63990049FAF7 /* Frameworks */,
				084A7C0324AF63990049FAF7 /* Resources */,
			);
			buildRules = (
			);
			dependencies = (
			);
			name = vkClient;
			productName = vkClient;
			productReference = 084A7C0524AF63990049FAF7 /* vkClient.app */;
			productType = "com.apple.product-type.application";
		};
/* End PBXNativeTarget section */

/* Begin PBXProject section */
		084A7BFD24AF63990049FAF7 /* Project object */ = {
			isa = PBXProject;
			attributes = {
				LastSwiftUpdateCheck = 1150;
				LastUpgradeCheck = 1150;
				ORGANIZATIONNAME = "Anna Luchechko";
				TargetAttributes = {
					084A7C0424AF63990049FAF7 = {
						CreatedOnToolsVersion = 11.5;
					};
				};
			};
			buildConfigurationList = 084A7C0024AF63990049FAF7 /* Build configuration list for PBXProject "vkClient" */;
			compatibilityVersion = "Xcode 9.3";
			developmentRegion = en;
			hasScannedForEncodings = 0;
			knownRegions = (
				en,
				Base,
			);
			mainGroup = 084A7BFC24AF63990049FAF7;
			productRefGroup = 084A7C0624AF63990049FAF7 /* Products */;
			projectDirPath = "";
			projectRoot = "";
			targets = (
				084A7C0424AF63990049FAF7 /* vkClient */,
			);
		};
/* End PBXProject section */

/* Begin PBXResourcesBuildPhase section */
		084A7C0324AF63990049FAF7 /* Resources */ = {
			isa = PBXResourcesBuildPhase;
			buildActionMask = 2147483647;
			files = (
				084A7C1524AF639A0049FAF7 /* LaunchScreen.storyboard in Resources */,
				08E0FDE925288F7700738150 /* FriendsSectionHeaderView.xib in Resources */,
				084A7C1224AF639A0049FAF7 /* Assets.xcassets in Resources */,
				084A7C1024AF63990049FAF7 /* Main.storyboard in Resources */,
			);
			runOnlyForDeploymentPostprocessing = 0;
		};
/* End PBXResourcesBuildPhase section */

/* Begin PBXSourcesBuildPhase section */
		084A7C0124AF63990049FAF7 /* Sources */ = {
			isa = PBXSourcesBuildPhase;
			buildActionMask = 2147483647;
			files = (
				083F953D24BD1CDC00DFEAAA /* FriendsTableViewController.swift in Sources */,
				08D1518E24C1BE7400D70BCC /* CommunitiesCell.swift in Sources */,
				083F953F24BD267600DFEAAA /* FriendsCell.swift in Sources */,
				08EB0E0E252A1EE400132AB3 /* CommentControl.swift in Sources */,
				081D64CF24B76CCD00F6B61D /* CommunitiesGlobalSearchTableViewController.swift in Sources */,
				083F954124BD7A0A00DFEAAA /* Friends.swift in Sources */,
				081D64D124B8FD1100F6B61D /* TabBarController.swift in Sources */,
				084AB3C42529E97A004CBF56 /* News.swift in Sources */,
				088FD7AA24C6635000451FEB /* User.swift in Sources */,
				084A7C0D24AF63990049FAF7 /* LoginViewController.swift in Sources */,
				08B9CCEC2534ECA700A93C1A /* CurrentSession.swift in Sources */,
				08EB0E48252A807200132AB3 /* DotsLoadingIndicator.swift in Sources */,
				08EB0E14252A1F1500132AB3 /* ViewControl.swift in Sources */,
				08E1010E25337FBD00D5BF94 /* CustomNavigationController.swift in Sources */,
				084A7C0924AF63990049FAF7 /* AppDelegate.swift in Sources */,
				0892F6EC25248EB300D8C807 /* LikeControl.swift in Sources */,
				084AB3BE2528F450004CBF56 /* NewsCell.swift in Sources */,
				081D64CB24B76B8700F6B61D /* FriendsPhotosCollectionViewController.swift in Sources */,
				08EB0E11252A1EFA00132AB3 /* ShareControl.swift in Sources */,
				08E1010B25337DCA00D5BF94 /* CustomPopAnimator.swift in Sources */,
				081D64CD24B76C2600F6B61D /* CommunitiesTableViewController.swift in Sources */,
				08E1010725337BCC00D5BF94 /* CustomPushAnimator.swift in Sources */,
				08D1519024C6401A00D70BCC /* Communities.swift in Sources */,
				084A7C0B24AF63990049FAF7 /* SceneDelegate.swift in Sources */,
				083F954324BD7C6500DFEAAA /* FriendsPhotoCell.swift in Sources */,
				08DD76E2252CDEF4001EBE76 /* FriendsGalleryController.swift in Sources */,
				08E0FDE625288F6600738150 /* FriendsSectionHeaderView.swift in Sources */,
				08E0FDDF2527C8ED00738150 /* NewsViewController.swift in Sources */,
			);
			runOnlyForDeploymentPostprocessing = 0;
		};
/* End PBXSourcesBuildPhase section */

/* Begin PBXVariantGroup section */
		084A7C0E24AF63990049FAF7 /* Main.storyboard */ = {
			isa = PBXVariantGroup;
			children = (
				084A7C0F24AF63990049FAF7 /* Base */,
			);
			name = Main.storyboard;
			sourceTree = "<group>";
		};
		084A7C1324AF639A0049FAF7 /* LaunchScreen.storyboard */ = {
			isa = PBXVariantGroup;
			children = (
				084A7C1424AF639A0049FAF7 /* Base */,
			);
			name = LaunchScreen.storyboard;
			sourceTree = "<group>";
		};
/* End PBXVariantGroup section */

/* Begin XCBuildConfiguration section */
		084A7C1724AF639B0049FAF7 /* Debug */ = {
			isa = XCBuildConfiguration;
			buildSettings = {
				ALWAYS_SEARCH_USER_PATHS = NO;
				CLANG_ANALYZER_NONNULL = YES;
				CLANG_ANALYZER_NUMBER_OBJECT_CONVERSION = YES_AGGRESSIVE;
				CLANG_CXX_LANGUAGE_STANDARD = "gnu++14";
				CLANG_CXX_LIBRARY = "libc++";
				CLANG_ENABLE_MODULES = YES;
				CLANG_ENABLE_OBJC_ARC = YES;
				CLANG_ENABLE_OBJC_WEAK = YES;
				CLANG_WARN_BLOCK_CAPTURE_AUTORELEASING = YES;
				CLANG_WARN_BOOL_CONVERSION = YES;
				CLANG_WARN_COMMA = YES;
				CLANG_WARN_CONSTANT_CONVERSION = YES;
				CLANG_WARN_DEPRECATED_OBJC_IMPLEMENTATIONS = YES;
				CLANG_WARN_DIRECT_OBJC_ISA_USAGE = YES_ERROR;
				CLANG_WARN_DOCUMENTATION_COMMENTS = YES;
				CLANG_WARN_EMPTY_BODY = YES;
				CLANG_WARN_ENUM_CONVERSION = YES;
				CLANG_WARN_INFINITE_RECURSION = YES;
				CLANG_WARN_INT_CONVERSION = YES;
				CLANG_WARN_NON_LITERAL_NULL_CONVERSION = YES;
				CLANG_WARN_OBJC_IMPLICIT_RETAIN_SELF = YES;
				CLANG_WARN_OBJC_LITERAL_CONVERSION = YES;
				CLANG_WARN_OBJC_ROOT_CLASS = YES_ERROR;
				CLANG_WARN_RANGE_LOOP_ANALYSIS = YES;
				CLANG_WARN_STRICT_PROTOTYPES = YES;
				CLANG_WARN_SUSPICIOUS_MOVE = YES;
				CLANG_WARN_UNGUARDED_AVAILABILITY = YES_AGGRESSIVE;
				CLANG_WARN_UNREACHABLE_CODE = YES;
				CLANG_WARN__DUPLICATE_METHOD_MATCH = YES;
				COPY_PHASE_STRIP = NO;
				DEBUG_INFORMATION_FORMAT = dwarf;
				ENABLE_STRICT_OBJC_MSGSEND = YES;
				ENABLE_TESTABILITY = YES;
				GCC_C_LANGUAGE_STANDARD = gnu11;
				GCC_DYNAMIC_NO_PIC = NO;
				GCC_NO_COMMON_BLOCKS = YES;
				GCC_OPTIMIZATION_LEVEL = 0;
				GCC_PREPROCESSOR_DEFINITIONS = (
					"DEBUG=1",
					"$(inherited)",
				);
				GCC_WARN_64_TO_32_BIT_CONVERSION = YES;
				GCC_WARN_ABOUT_RETURN_TYPE = YES_ERROR;
				GCC_WARN_UNDECLARED_SELECTOR = YES;
				GCC_WARN_UNINITIALIZED_AUTOS = YES_AGGRESSIVE;
				GCC_WARN_UNUSED_FUNCTION = YES;
				GCC_WARN_UNUSED_VARIABLE = YES;
				IPHONEOS_DEPLOYMENT_TARGET = 13.5;
				MTL_ENABLE_DEBUG_INFO = INCLUDE_SOURCE;
				MTL_FAST_MATH = YES;
				ONLY_ACTIVE_ARCH = YES;
				SDKROOT = iphoneos;
				SWIFT_ACTIVE_COMPILATION_CONDITIONS = DEBUG;
				SWIFT_OPTIMIZATION_LEVEL = "-Onone";
			};
			name = Debug;
		};
		084A7C1824AF639B0049FAF7 /* Release */ = {
			isa = XCBuildConfiguration;
			buildSettings = {
				ALWAYS_SEARCH_USER_PATHS = NO;
				CLANG_ANALYZER_NONNULL = YES;
				CLANG_ANALYZER_NUMBER_OBJECT_CONVERSION = YES_AGGRESSIVE;
				CLANG_CXX_LANGUAGE_STANDARD = "gnu++14";
				CLANG_CXX_LIBRARY = "libc++";
				CLANG_ENABLE_MODULES = YES;
				CLANG_ENABLE_OBJC_ARC = YES;
				CLANG_ENABLE_OBJC_WEAK = YES;
				CLANG_WARN_BLOCK_CAPTURE_AUTORELEASING = YES;
				CLANG_WARN_BOOL_CONVERSION = YES;
				CLANG_WARN_COMMA = YES;
				CLANG_WARN_CONSTANT_CONVERSION = YES;
				CLANG_WARN_DEPRECATED_OBJC_IMPLEMENTATIONS = YES;
				CLANG_WARN_DIRECT_OBJC_ISA_USAGE = YES_ERROR;
				CLANG_WARN_DOCUMENTATION_COMMENTS = YES;
				CLANG_WARN_EMPTY_BODY = YES;
				CLANG_WARN_ENUM_CONVERSION = YES;
				CLANG_WARN_INFINITE_RECURSION = YES;
				CLANG_WARN_INT_CONVERSION = YES;
				CLANG_WARN_NON_LITERAL_NULL_CONVERSION = YES;
				CLANG_WARN_OBJC_IMPLICIT_RETAIN_SELF = YES;
				CLANG_WARN_OBJC_LITERAL_CONVERSION = YES;
				CLANG_WARN_OBJC_ROOT_CLASS = YES_ERROR;
				CLANG_WARN_RANGE_LOOP_ANALYSIS = YES;
				CLANG_WARN_STRICT_PROTOTYPES = YES;
				CLANG_WARN_SUSPICIOUS_MOVE = YES;
				CLANG_WARN_UNGUARDED_AVAILABILITY = YES_AGGRESSIVE;
				CLANG_WARN_UNREACHABLE_CODE = YES;
				CLANG_WARN__DUPLICATE_METHOD_MATCH = YES;
				COPY_PHASE_STRIP = NO;
				DEBUG_INFORMATION_FORMAT = "dwarf-with-dsym";
				ENABLE_NS_ASSERTIONS = NO;
				ENABLE_STRICT_OBJC_MSGSEND = YES;
				GCC_C_LANGUAGE_STANDARD = gnu11;
				GCC_NO_COMMON_BLOCKS = YES;
				GCC_WARN_64_TO_32_BIT_CONVERSION = YES;
				GCC_WARN_ABOUT_RETURN_TYPE = YES_ERROR;
				GCC_WARN_UNDECLARED_SELECTOR = YES;
				GCC_WARN_UNINITIALIZED_AUTOS = YES_AGGRESSIVE;
				GCC_WARN_UNUSED_FUNCTION = YES;
				GCC_WARN_UNUSED_VARIABLE = YES;
				IPHONEOS_DEPLOYMENT_TARGET = 13.5;
				MTL_ENABLE_DEBUG_INFO = NO;
				MTL_FAST_MATH = YES;
				SDKROOT = iphoneos;
				SWIFT_COMPILATION_MODE = wholemodule;
				SWIFT_OPTIMIZATION_LEVEL = "-O";
				VALIDATE_PRODUCT = YES;
			};
			name = Release;
		};
		084A7C1A24AF639B0049FAF7 /* Debug */ = {
			isa = XCBuildConfiguration;
			buildSettings = {
				ASSETCATALOG_COMPILER_APPICON_NAME = AppIcon;
				CODE_SIGN_STYLE = Automatic;
				DEVELOPMENT_TEAM = T6V37VU7US;
				INFOPLIST_FILE = vkClient/Info.plist;
				LD_RUNPATH_SEARCH_PATHS = (
					"$(inherited)",
					"@executable_path/Frameworks",
				);
				PRODUCT_BUNDLE_IDENTIFIER = com.AnnaLuchechko.vkClient;
				PRODUCT_NAME = "$(TARGET_NAME)";
				SWIFT_VERSION = 5.0;
				TARGETED_DEVICE_FAMILY = "1,2";
			};
			name = Debug;
		};
		084A7C1B24AF639B0049FAF7 /* Release */ = {
			isa = XCBuildConfiguration;
			buildSettings = {
				ASSETCATALOG_COMPILER_APPICON_NAME = AppIcon;
				CODE_SIGN_STYLE = Automatic;
				DEVELOPMENT_TEAM = T6V37VU7US;
				INFOPLIST_FILE = vkClient/Info.plist;
				LD_RUNPATH_SEARCH_PATHS = (
					"$(inherited)",
					"@executable_path/Frameworks",
				);
				PRODUCT_BUNDLE_IDENTIFIER = com.AnnaLuchechko.vkClient;
				PRODUCT_NAME = "$(TARGET_NAME)";
				SWIFT_VERSION = 5.0;
				TARGETED_DEVICE_FAMILY = "1,2";
			};
			name = Release;
		};
/* End XCBuildConfiguration section */

/* Begin XCConfigurationList section */
		084A7C0024AF63990049FAF7 /* Build configuration list for PBXProject "vkClient" */ = {
			isa = XCConfigurationList;
			buildConfigurations = (
				084A7C1724AF639B0049FAF7 /* Debug */,
				084A7C1824AF639B0049FAF7 /* Release */,
			);
			defaultConfigurationIsVisible = 0;
			defaultConfigurationName = Release;
		};
		084A7C1924AF639B0049FAF7 /* Build configuration list for PBXNativeTarget "vkClient" */ = {
			isa = XCConfigurationList;
			buildConfigurations = (
				084A7C1A24AF639B0049FAF7 /* Debug */,
				084A7C1B24AF639B0049FAF7 /* Release */,
			);
			defaultConfigurationIsVisible = 0;
			defaultConfigurationName = Release;
		};
/* End XCConfigurationList section */
	};
	rootObject = 084A7BFD24AF63990049FAF7 /* Project object */;
}
